{
    "_meta": {
        "hash": {
            "sha256": "6534698c6cff956f5add1a59c8b3a7ee58f2c1537da5af1ac39e634549318179"
        },
        "pipfile-spec": 6,
        "requires": {
            "python_version": "3.7"
        },
        "sources": [
            {
                "name": "pypi",
                "url": "https://pypi.org/simple",
                "verify_ssl": true
            }
        ]
    },
    "default": {
        "antlr4-python3-runtime": {
            "hashes": [
                "sha256:168cdcec8fb9152e84a87ca6fd261b3d54c8f6358f42ab3b813b14a7193bb50b"
            ],
            "version": "==4.7.2"
        },
        "radb": {
            "hashes": [
                "sha256:7bfc283197824fc3aca57919d534a6594634400f7a52feeb9b6cbdc18c8a2529",
                "sha256:975c5b4983b9a154d0ee7faf7b1fba90dd44a715f5eb91eea43956ee1eb40d33"
            ],
            "index": "pypi",
            "version": "==3.0.3"
        },
        "sqlalchemy": {
            "hashes": [
                "sha256:2f8ff566a4d3a92246d367f2e9cd6ed3edeef670dcd6dda6dfdc9efed88bcd80"
            ],
            "version": "==1.3.8"
        }
    },
    "develop": {}
}
